
Microsoft Visual Studio Solution File, Format Version 12.00
# Visual Studio Version 16
VisualStudioVersion = 16.0.31025.194
MinimumVisualStudioVersion = 10.0.40219.1
Project("{8BC9CEB8-8B4A-11D0-8D11-00A0C91BC942}") = "ListNetworkAdapterOnWin", "ListNetworkAdapterOnWin\ListNetworkAdapterOnWin.vcxproj", "{3209A2DB-352D-4AC4-AE58-F72EF84059C8}"
EndProject
Project("{8BC9CEB8-8B4A-11D0-8D11-00A0C91BC942}") = "ListAdapter", "ListAdapter\ListAdapter.vcxproj", "{78336BBF-9DCD-4151-995A-9420D85BB45C}"
EndProject
Project("{8BC9CEB8-8B4A-11D0-8D11-00A0C91BC942}") = "SockInit", "SockInit\SockInit.vcxproj", "{9350D8BF-A8B0-42E4-A0B1-6B6F89A957EC}"
EndProject
Project("{8BC9CEB8-8B4A-11D0-8D11-00A0C91BC942}") = "time_console", "time_console\time_console.vcxproj", "{64F97893-F1F2-4778-9ECB-539759A6E63B}"
EndProject
Project("{8BC9CEB8-8B4A-11D0-8D11-00A0C91BC942}") = "time_server", "time_server\time_server.vcxproj", "{AFDBA838-170E-458B-87E5-199250155BA2}"
EndProject
Project("{8BC9CEB8-8B4A-11D0-8D11-00A0C91BC942}") = "time_server_ipv6", "time_server_ipv6\time_server_ipv6.vcxproj", "{FCFFBDFB-8B1B-4EC5-9280-F873FA4FD77D}"
EndProject
Project("{8BC9CEB8-8B4A-11D0-8D11-00A0C91BC942}") = "time_server_dual", "time_server_dual\time_server_dual.vcxproj", "{4524B7A6-80B9-4769-80B5-8F3E3E9A240B}"
EndProject
Project("{8BC9CEB8-8B4A-11D0-8D11-00A0C91BC942}") = "tcp_client", "tcp_client\tcp_client.vcxproj", "{4D967200-01E3-4899-B0A7-1703FE7E7E8E}"
EndProject
Project("{8BC9CEB8-8B4A-11D0-8D11-00A0C91BC942}") = "tcp_serve_toupper", "tcp_serve_toupper\tcp_serve_toupper.vcxproj", "{EB738B5D-EE78-4D79-AC91-E16DE23A3FB9}"
EndProject
Project("{8BC9CEB8-8B4A-11D0-8D11-00A0C91BC942}") = "tcp_serve_chat", "tcp_serve_chat\tcp_serve_chat.vcxproj", "{883F4EDA-5499-4074-80C2-F526AEA08FEA}"
EndProject
Project("{8BC9CEB8-8B4A-11D0-8D11-00A0C91BC942}") = "udp_client", "udp_client\udp_client.vcxproj", "{45F75C8C-82F7-4773-A8ED-469A622ABEEA}"
EndProject
Project("{8BC9CEB8-8B4A-11D0-8D11-00A0C91BC942}") = "udp_recvfrom", "udp_recvfrom\udp_recvfrom.vcxproj", "{C75945D6-AF62-4C20-93EA-7AC4951F7898}"
EndProject
Project("{8BC9CEB8-8B4A-11D0-8D11-00A0C91BC942}") = "udp_sendto", "udp_sendto\udp_sendto.vcxproj", "{6155C300-6C7B-4B6C-AAFE-C1607FBBF022}"
EndProject
Project("{8BC9CEB8-8B4A-11D0-8D11-00A0C91BC942}") = "udp_serve_toupper", "udp_serve_toupper\udp_serve_toupper.vcxproj", "{669940B9-3D52-4240-85B3-E9E5B2055AE5}"
EndProject
Project("{8BC9CEB8-8B4A-11D0-8D11-00A0C91BC942}") = "lookup", "lookup\lookup.vcxproj", "{F3DE31E2-53C1-4D88-B4E9-BE5F5BA4B8EF}"
EndProject
Project("{8BC9CEB8-8B4A-11D0-8D11-00A0C91BC942}") = "dns_query", "dns_query\dns_query.vcxproj", "{BCC8FB53-2AD9-48AD-AEBC-392EAD9F85F6}"
EndProject
Project("{8BC9CEB8-8B4A-11D0-8D11-00A0C91BC942}") = "web_get", "web_get\web_get.vcxproj", "{92C5D4E1-59A1-4725-9CEB-4A56C6BE402B}"
EndProject
Project("{8BC9CEB8-8B4A-11D0-8D11-00A0C91BC942}") = "web_server", "web_server\web_server.vcxproj", "{926ED389-6199-408B-8A5B-ADFE024FA6F8}"
EndProject
Project("{8BC9CEB8-8B4A-11D0-8D11-00A0C91BC942}") = "smtp_send", "smtp_send\smtp_send.vcxproj", "{022CF16F-6793-4B78-A135-2F0289B93D73}"
EndProject
Project("{8BC9CEB8-8B4A-11D0-8D11-00A0C91BC942}") = "openssl_version", "openssl_version\openssl_version.vcxproj", "{A3E2ED22-4153-4104-B33E-D2E25B807556}"
EndProject
Project("{8BC9CEB8-8B4A-11D0-8D11-00A0C91BC942}") = "https_simple", "https_simple\https_simple.vcxproj", "{9E82549D-85C3-4306-BD53-A4B872E450A2}"
EndProject
Project("{8BC9CEB8-8B4A-11D0-8D11-00A0C91BC942}") = "tls_time_server", "tls_time_server\tls_time_server.vcxproj", "{A62E91E5-83C9-4956-B48F-D6C732FE6F7D}"
EndProject
Project("{8BC9CEB8-8B4A-11D0-8D11-00A0C91BC942}") = "ssh_version", "ssh_version\ssh_version.vcxproj", "{D47FBEEE-C071-4135-89DD-0D0BE5253F0D}"
EndProject
Project("{8BC9CEB8-8B4A-11D0-8D11-00A0C91BC942}") = "ssh_connect", "ssh_connect\ssh_connect.vcxproj", "{0F262E00-3BD6-413C-A793-A4E4865BAADC}"
EndProject
Project("{8BC9CEB8-8B4A-11D0-8D11-00A0C91BC942}") = "ssh_auth", "ssh_auth\ssh_auth.vcxproj", "{CC00C805-3D39-4CAC-AD1C-757520B137BA}"
EndProject
Project("{8BC9CEB8-8B4A-11D0-8D11-00A0C91BC942}") = "error_text", "error_text\error_text.vcxproj", "{B01431A6-4EF5-4494-BB4A-1C9F2525CA17}"
EndProject
Project("{8BC9CEB8-8B4A-11D0-8D11-00A0C91BC942}") = "connect_timeout", "connect_timeout\connect_timeout.vcxproj", "{CBD56179-0B77-4EC1-BCC0-BD0C1C20322F}"
EndProject
Project("{8BC9CEB8-8B4A-11D0-8D11-00A0C91BC942}") = "connect_blocking", "connect_blocking\connect_blocking.vcxproj", "{209A8E78-67DB-4F19-9EAC-B8170A0B4C5C}"
EndProject
Project("{8BC9CEB8-8B4A-11D0-8D11-00A0C91BC942}") = "server_ignore", "server_ignore\server_ignore.vcxproj", "{BA123F62-D935-4FD6-B4EF-620E06E5FB9E}"
EndProject
Project("{8BC9CEB8-8B4A-11D0-8D11-00A0C91BC942}") = "big_send", "big_send\big_send.vcxproj", "{08C054D4-5400-4F77-B9AC-33188A95A8D5}"
EndProject
Project("{8BC9CEB8-8B4A-11D0-8D11-00A0C91BC942}") = "server_noreuse", "server_noreuse\server_noreuse.vcxproj", "{2CC66D8E-4272-4478-9940-D511EE865137}"
EndProject
Project("{8BC9CEB8-8B4A-11D0-8D11-00A0C91BC942}") = "server_crash", "server_crash\server_crash.vcxproj", "{F3F636DA-1624-4A55-B5EF-AAE3B6D0F9FC}"
EndProject
Project("{8BC9CEB8-8B4A-11D0-8D11-00A0C91BC942}") = "setsize", "setsize\setsize.vcxproj", "{4673CB14-0FAD-4B9C-8F1F-D4573EA69F2E}"
EndProject
Global
	GlobalSection(SolutionConfigurationPlatforms) = preSolution
		Debug|ARM = Debug|ARM
		Debug|ARM64 = Debug|ARM64
		Debug|x64 = Debug|x64
		Debug|x86 = Debug|x86
		Release|ARM = Release|ARM
		Release|ARM64 = Release|ARM64
		Release|x64 = Release|x64
		Release|x86 = Release|x86
	EndGlobalSection
	GlobalSection(ProjectConfigurationPlatforms) = postSolution
		{3209A2DB-352D-4AC4-AE58-F72EF84059C8}.Debug|ARM.ActiveCfg = Debug|Win32
		{3209A2DB-352D-4AC4-AE58-F72EF84059C8}.Debug|ARM64.ActiveCfg = Debug|Win32
		{3209A2DB-352D-4AC4-AE58-F72EF84059C8}.Debug|x64.ActiveCfg = Debug|x64
		{3209A2DB-352D-4AC4-AE58-F72EF84059C8}.Debug|x64.Build.0 = Debug|x64
		{3209A2DB-352D-4AC4-AE58-F72EF84059C8}.Debug|x86.ActiveCfg = Debug|Win32
		{3209A2DB-352D-4AC4-AE58-F72EF84059C8}.Debug|x86.Build.0 = Debug|Win32
		{3209A2DB-352D-4AC4-AE58-F72EF84059C8}.Release|ARM.ActiveCfg = Release|Win32
		{3209A2DB-352D-4AC4-AE58-F72EF84059C8}.Release|ARM64.ActiveCfg = Release|Win32
		{3209A2DB-352D-4AC4-AE58-F72EF84059C8}.Release|x64.ActiveCfg = Release|x64
		{3209A2DB-352D-4AC4-AE58-F72EF84059C8}.Release|x64.Build.0 = Release|x64
		{3209A2DB-352D-4AC4-AE58-F72EF84059C8}.Release|x86.ActiveCfg = Release|Win32
		{3209A2DB-352D-4AC4-AE58-F72EF84059C8}.Release|x86.Build.0 = Release|Win32
		{78336BBF-9DCD-4151-995A-9420D85BB45C}.Debug|ARM.ActiveCfg = Debug|ARM
		{78336BBF-9DCD-4151-995A-9420D85BB45C}.Debug|ARM.Build.0 = Debug|ARM
		{78336BBF-9DCD-4151-995A-9420D85BB45C}.Debug|ARM.Deploy.0 = Debug|ARM
		{78336BBF-9DCD-4151-995A-9420D85BB45C}.Debug|ARM64.ActiveCfg = Debug|ARM64
		{78336BBF-9DCD-4151-995A-9420D85BB45C}.Debug|ARM64.Build.0 = Debug|ARM64
		{78336BBF-9DCD-4151-995A-9420D85BB45C}.Debug|ARM64.Deploy.0 = Debug|ARM64
		{78336BBF-9DCD-4151-995A-9420D85BB45C}.Debug|x64.ActiveCfg = Debug|x64
		{78336BBF-9DCD-4151-995A-9420D85BB45C}.Debug|x64.Build.0 = Debug|x64
		{78336BBF-9DCD-4151-995A-9420D85BB45C}.Debug|x64.Deploy.0 = Debug|x64
		{78336BBF-9DCD-4151-995A-9420D85BB45C}.Debug|x86.ActiveCfg = Debug|x86
		{78336BBF-9DCD-4151-995A-9420D85BB45C}.Debug|x86.Build.0 = Debug|x86
		{78336BBF-9DCD-4151-995A-9420D85BB45C}.Debug|x86.Deploy.0 = Debug|x86
		{78336BBF-9DCD-4151-995A-9420D85BB45C}.Release|ARM.ActiveCfg = Release|ARM
		{78336BBF-9DCD-4151-995A-9420D85BB45C}.Release|ARM.Build.0 = Release|ARM
		{78336BBF-9DCD-4151-995A-9420D85BB45C}.Release|ARM.Deploy.0 = Release|ARM
		{78336BBF-9DCD-4151-995A-9420D85BB45C}.Release|ARM64.ActiveCfg = Release|ARM64
		{78336BBF-9DCD-4151-995A-9420D85BB45C}.Release|ARM64.Build.0 = Release|ARM64
		{78336BBF-9DCD-4151-995A-9420D85BB45C}.Release|ARM64.Deploy.0 = Release|ARM64
		{78336BBF-9DCD-4151-995A-9420D85BB45C}.Release|x64.ActiveCfg = Release|x64
		{78336BBF-9DCD-4151-995A-9420D85BB45C}.Release|x64.Build.0 = Release|x64
		{78336BBF-9DCD-4151-995A-9420D85BB45C}.Release|x64.Deploy.0 = Release|x64
		{78336BBF-9DCD-4151-995A-9420D85BB45C}.Release|x86.ActiveCfg = Release|x86
		{78336BBF-9DCD-4151-995A-9420D85BB45C}.Release|x86.Build.0 = Release|x86
		{78336BBF-9DCD-4151-995A-9420D85BB45C}.Release|x86.Deploy.0 = Release|x86
		{9350D8BF-A8B0-42E4-A0B1-6B6F89A957EC}.Debug|ARM.ActiveCfg = Debug|Win32
		{9350D8BF-A8B0-42E4-A0B1-6B6F89A957EC}.Debug|ARM64.ActiveCfg = Debug|Win32
		{9350D8BF-A8B0-42E4-A0B1-6B6F89A957EC}.Debug|x64.ActiveCfg = Debug|x64
		{9350D8BF-A8B0-42E4-A0B1-6B6F89A957EC}.Debug|x64.Build.0 = Debug|x64
		{9350D8BF-A8B0-42E4-A0B1-6B6F89A957EC}.Debug|x86.ActiveCfg = Debug|Win32
		{9350D8BF-A8B0-42E4-A0B1-6B6F89A957EC}.Debug|x86.Build.0 = Debug|Win32
		{9350D8BF-A8B0-42E4-A0B1-6B6F89A957EC}.Release|ARM.ActiveCfg = Release|Win32
		{9350D8BF-A8B0-42E4-A0B1-6B6F89A957EC}.Release|ARM64.ActiveCfg = Release|Win32
		{9350D8BF-A8B0-42E4-A0B1-6B6F89A957EC}.Release|x64.ActiveCfg = Release|x64
		{9350D8BF-A8B0-42E4-A0B1-6B6F89A957EC}.Release|x64.Build.0 = Release|x64
		{9350D8BF-A8B0-42E4-A0B1-6B6F89A957EC}.Release|x86.ActiveCfg = Release|Win32
		{9350D8BF-A8B0-42E4-A0B1-6B6F89A957EC}.Release|x86.Build.0 = Release|Win32
		{64F97893-F1F2-4778-9ECB-539759A6E63B}.Debug|ARM.ActiveCfg = Debug|Win32
		{64F97893-F1F2-4778-9ECB-539759A6E63B}.Debug|ARM64.ActiveCfg = Debug|Win32
		{64F97893-F1F2-4778-9ECB-539759A6E63B}.Debug|x64.ActiveCfg = Debug|x64
		{64F97893-F1F2-4778-9ECB-539759A6E63B}.Debug|x64.Build.0 = Debug|x64
		{64F97893-F1F2-4778-9ECB-539759A6E63B}.Debug|x86.ActiveCfg = Debug|Win32
		{64F97893-F1F2-4778-9ECB-539759A6E63B}.Debug|x86.Build.0 = Debug|Win32
		{64F97893-F1F2-4778-9ECB-539759A6E63B}.Release|ARM.ActiveCfg = Release|Win32
		{64F97893-F1F2-4778-9ECB-539759A6E63B}.Release|ARM64.ActiveCfg = Release|Win32
		{64F97893-F1F2-4778-9ECB-539759A6E63B}.Release|x64.ActiveCfg = Release|x64
		{64F97893-F1F2-4778-9ECB-539759A6E63B}.Release|x64.Build.0 = Release|x64
		{64F97893-F1F2-4778-9ECB-539759A6E63B}.Release|x86.ActiveCfg = Release|Win32
		{64F97893-F1F2-4778-9ECB-539759A6E63B}.Release|x86.Build.0 = Release|Win32
		{AFDBA838-170E-458B-87E5-199250155BA2}.Debug|ARM.ActiveCfg = Debug|Win32
		{AFDBA838-170E-458B-87E5-199250155BA2}.Debug|ARM64.ActiveCfg = Debug|Win32
		{AFDBA838-170E-458B-87E5-199250155BA2}.Debug|x64.ActiveCfg = Debug|x64
		{AFDBA838-170E-458B-87E5-199250155BA2}.Debug|x64.Build.0 = Debug|x64
		{AFDBA838-170E-458B-87E5-199250155BA2}.Debug|x86.ActiveCfg = Debug|Win32
		{AFDBA838-170E-458B-87E5-199250155BA2}.Debug|x86.Build.0 = Debug|Win32
		{AFDBA838-170E-458B-87E5-199250155BA2}.Release|ARM.ActiveCfg = Release|Win32
		{AFDBA838-170E-458B-87E5-199250155BA2}.Release|ARM64.ActiveCfg = Release|Win32
		{AFDBA838-170E-458B-87E5-199250155BA2}.Release|x64.ActiveCfg = Release|x64
		{AFDBA838-170E-458B-87E5-199250155BA2}.Release|x64.Build.0 = Release|x64
		{AFDBA838-170E-458B-87E5-199250155BA2}.Release|x86.ActiveCfg = Release|Win32
		{AFDBA838-170E-458B-87E5-199250155BA2}.Release|x86.Build.0 = Release|Win32
		{FCFFBDFB-8B1B-4EC5-9280-F873FA4FD77D}.Debug|ARM.ActiveCfg = Debug|Win32
		{FCFFBDFB-8B1B-4EC5-9280-F873FA4FD77D}.Debug|ARM64.ActiveCfg = Debug|Win32
		{FCFFBDFB-8B1B-4EC5-9280-F873FA4FD77D}.Debug|x64.ActiveCfg = Debug|x64
		{FCFFBDFB-8B1B-4EC5-9280-F873FA4FD77D}.Debug|x64.Build.0 = Debug|x64
		{FCFFBDFB-8B1B-4EC5-9280-F873FA4FD77D}.Debug|x86.ActiveCfg = Debug|Win32
		{FCFFBDFB-8B1B-4EC5-9280-F873FA4FD77D}.Debug|x86.Build.0 = Debug|Win32
		{FCFFBDFB-8B1B-4EC5-9280-F873FA4FD77D}.Release|ARM.ActiveCfg = Release|Win32
		{FCFFBDFB-8B1B-4EC5-9280-F873FA4FD77D}.Release|ARM64.ActiveCfg = Release|Win32
		{FCFFBDFB-8B1B-4EC5-9280-F873FA4FD77D}.Release|x64.ActiveCfg = Release|x64
		{FCFFBDFB-8B1B-4EC5-9280-F873FA4FD77D}.Release|x64.Build.0 = Release|x64
		{FCFFBDFB-8B1B-4EC5-9280-F873FA4FD77D}.Release|x86.ActiveCfg = Release|Win32
		{FCFFBDFB-8B1B-4EC5-9280-F873FA4FD77D}.Release|x86.Build.0 = Release|Win32
		{4524B7A6-80B9-4769-80B5-8F3E3E9A240B}.Debug|ARM.ActiveCfg = Debug|Win32
		{4524B7A6-80B9-4769-80B5-8F3E3E9A240B}.Debug|ARM64.ActiveCfg = Debug|Win32
		{4524B7A6-80B9-4769-80B5-8F3E3E9A240B}.Debug|x64.ActiveCfg = Debug|x64
		{4524B7A6-80B9-4769-80B5-8F3E3E9A240B}.Debug|x64.Build.0 = Debug|x64
		{4524B7A6-80B9-4769-80B5-8F3E3E9A240B}.Debug|x86.ActiveCfg = Debug|Win32
		{4524B7A6-80B9-4769-80B5-8F3E3E9A240B}.Debug|x86.Build.0 = Debug|Win32
		{4524B7A6-80B9-4769-80B5-8F3E3E9A240B}.Release|ARM.ActiveCfg = Release|Win32
		{4524B7A6-80B9-4769-80B5-8F3E3E9A240B}.Release|ARM64.ActiveCfg = Release|Win32
		{4524B7A6-80B9-4769-80B5-8F3E3E9A240B}.Release|x64.ActiveCfg = Release|x64
		{4524B7A6-80B9-4769-80B5-8F3E3E9A240B}.Release|x64.Build.0 = Release|x64
		{4524B7A6-80B9-4769-80B5-8F3E3E9A240B}.Release|x86.ActiveCfg = Release|Win32
		{4524B7A6-80B9-4769-80B5-8F3E3E9A240B}.Release|x86.Build.0 = Release|Win32
		{4D967200-01E3-4899-B0A7-1703FE7E7E8E}.Debug|ARM.ActiveCfg = Debug|Win32
		{4D967200-01E3-4899-B0A7-1703FE7E7E8E}.Debug|ARM64.ActiveCfg = Debug|Win32
		{4D967200-01E3-4899-B0A7-1703FE7E7E8E}.Debug|x64.ActiveCfg = Debug|x64
		{4D967200-01E3-4899-B0A7-1703FE7E7E8E}.Debug|x64.Build.0 = Debug|x64
		{4D967200-01E3-4899-B0A7-1703FE7E7E8E}.Debug|x86.ActiveCfg = Debug|Win32
		{4D967200-01E3-4899-B0A7-1703FE7E7E8E}.Debug|x86.Build.0 = Debug|Win32
		{4D967200-01E3-4899-B0A7-1703FE7E7E8E}.Release|ARM.ActiveCfg = Release|Win32
		{4D967200-01E3-4899-B0A7-1703FE7E7E8E}.Release|ARM64.ActiveCfg = Release|Win32
		{4D967200-01E3-4899-B0A7-1703FE7E7E8E}.Release|x64.ActiveCfg = Release|x64
		{4D967200-01E3-4899-B0A7-1703FE7E7E8E}.Release|x64.Build.0 = Release|x64
		{4D967200-01E3-4899-B0A7-1703FE7E7E8E}.Release|x86.ActiveCfg = Release|Win32
		{4D967200-01E3-4899-B0A7-1703FE7E7E8E}.Release|x86.Build.0 = Release|Win32
		{EB738B5D-EE78-4D79-AC91-E16DE23A3FB9}.Debug|ARM.ActiveCfg = Debug|Win32
		{EB738B5D-EE78-4D79-AC91-E16DE23A3FB9}.Debug|ARM64.ActiveCfg = Debug|Win32
		{EB738B5D-EE78-4D79-AC91-E16DE23A3FB9}.Debug|x64.ActiveCfg = Debug|x64
		{EB738B5D-EE78-4D79-AC91-E16DE23A3FB9}.Debug|x64.Build.0 = Debug|x64
		{EB738B5D-EE78-4D79-AC91-E16DE23A3FB9}.Debug|x86.ActiveCfg = Debug|Win32
		{EB738B5D-EE78-4D79-AC91-E16DE23A3FB9}.Debug|x86.Build.0 = Debug|Win32
		{EB738B5D-EE78-4D79-AC91-E16DE23A3FB9}.Release|ARM.ActiveCfg = Release|Win32
		{EB738B5D-EE78-4D79-AC91-E16DE23A3FB9}.Release|ARM64.ActiveCfg = Release|Win32
		{EB738B5D-EE78-4D79-AC91-E16DE23A3FB9}.Release|x64.ActiveCfg = Release|x64
		{EB738B5D-EE78-4D79-AC91-E16DE23A3FB9}.Release|x64.Build.0 = Release|x64
		{EB738B5D-EE78-4D79-AC91-E16DE23A3FB9}.Release|x86.ActiveCfg = Release|Win32
		{EB738B5D-EE78-4D79-AC91-E16DE23A3FB9}.Release|x86.Build.0 = Release|Win32
		{883F4EDA-5499-4074-80C2-F526AEA08FEA}.Debug|ARM.ActiveCfg = Debug|Win32
		{883F4EDA-5499-4074-80C2-F526AEA08FEA}.Debug|ARM64.ActiveCfg = Debug|Win32
		{883F4EDA-5499-4074-80C2-F526AEA08FEA}.Debug|x64.ActiveCfg = Debug|x64
		{883F4EDA-5499-4074-80C2-F526AEA08FEA}.Debug|x64.Build.0 = Debug|x64
		{883F4EDA-5499-4074-80C2-F526AEA08FEA}.Debug|x86.ActiveCfg = Debug|Win32
		{883F4EDA-5499-4074-80C2-F526AEA08FEA}.Debug|x86.Build.0 = Debug|Win32
		{883F4EDA-5499-4074-80C2-F526AEA08FEA}.Release|ARM.ActiveCfg = Release|Win32
		{883F4EDA-5499-4074-80C2-F526AEA08FEA}.Release|ARM64.ActiveCfg = Release|Win32
		{883F4EDA-5499-4074-80C2-F526AEA08FEA}.Release|x64.ActiveCfg = Release|x64
		{883F4EDA-5499-4074-80C2-F526AEA08FEA}.Release|x64.Build.0 = Release|x64
		{883F4EDA-5499-4074-80C2-F526AEA08FEA}.Release|x86.ActiveCfg = Release|Win32
		{883F4EDA-5499-4074-80C2-F526AEA08FEA}.Release|x86.Build.0 = Release|Win32
		{45F75C8C-82F7-4773-A8ED-469A622ABEEA}.Debug|ARM.ActiveCfg = Debug|Win32
		{45F75C8C-82F7-4773-A8ED-469A622ABEEA}.Debug|ARM64.ActiveCfg = Debug|Win32
		{45F75C8C-82F7-4773-A8ED-469A622ABEEA}.Debug|x64.ActiveCfg = Debug|x64
		{45F75C8C-82F7-4773-A8ED-469A622ABEEA}.Debug|x64.Build.0 = Debug|x64
		{45F75C8C-82F7-4773-A8ED-469A622ABEEA}.Debug|x86.ActiveCfg = Debug|Win32
		{45F75C8C-82F7-4773-A8ED-469A622ABEEA}.Debug|x86.Build.0 = Debug|Win32
		{45F75C8C-82F7-4773-A8ED-469A622ABEEA}.Release|ARM.ActiveCfg = Release|Win32
		{45F75C8C-82F7-4773-A8ED-469A622ABEEA}.Release|ARM64.ActiveCfg = Release|Win32
		{45F75C8C-82F7-4773-A8ED-469A622ABEEA}.Release|x64.ActiveCfg = Release|x64
		{45F75C8C-82F7-4773-A8ED-469A622ABEEA}.Release|x64.Build.0 = Release|x64
		{45F75C8C-82F7-4773-A8ED-469A622ABEEA}.Release|x86.ActiveCfg = Release|Win32
		{45F75C8C-82F7-4773-A8ED-469A622ABEEA}.Release|x86.Build.0 = Release|Win32
		{C75945D6-AF62-4C20-93EA-7AC4951F7898}.Debug|ARM.ActiveCfg = Debug|Win32
		{C75945D6-AF62-4C20-93EA-7AC4951F7898}.Debug|ARM64.ActiveCfg = Debug|Win32
		{C75945D6-AF62-4C20-93EA-7AC4951F7898}.Debug|x64.ActiveCfg = Debug|x64
		{C75945D6-AF62-4C20-93EA-7AC4951F7898}.Debug|x64.Build.0 = Debug|x64
		{C75945D6-AF62-4C20-93EA-7AC4951F7898}.Debug|x86.ActiveCfg = Debug|Win32
		{C75945D6-AF62-4C20-93EA-7AC4951F7898}.Debug|x86.Build.0 = Debug|Win32
		{C75945D6-AF62-4C20-93EA-7AC4951F7898}.Release|ARM.ActiveCfg = Release|Win32
		{C75945D6-AF62-4C20-93EA-7AC4951F7898}.Release|ARM64.ActiveCfg = Release|Win32
		{C75945D6-AF62-4C20-93EA-7AC4951F7898}.Release|x64.ActiveCfg = Release|x64
		{C75945D6-AF62-4C20-93EA-7AC4951F7898}.Release|x64.Build.0 = Release|x64
		{C75945D6-AF62-4C20-93EA-7AC4951F7898}.Release|x86.ActiveCfg = Release|Win32
		{C75945D6-AF62-4C20-93EA-7AC4951F7898}.Release|x86.Build.0 = Release|Win32
		{6155C300-6C7B-4B6C-AAFE-C1607FBBF022}.Debug|ARM.ActiveCfg = Debug|Win32
		{6155C300-6C7B-4B6C-AAFE-C1607FBBF022}.Debug|ARM64.ActiveCfg = Debug|Win32
		{6155C300-6C7B-4B6C-AAFE-C1607FBBF022}.Debug|x64.ActiveCfg = Debug|x64
		{6155C300-6C7B-4B6C-AAFE-C1607FBBF022}.Debug|x64.Build.0 = Debug|x64
		{6155C300-6C7B-4B6C-AAFE-C1607FBBF022}.Debug|x86.ActiveCfg = Debug|Win32
		{6155C300-6C7B-4B6C-AAFE-C1607FBBF022}.Debug|x86.Build.0 = Debug|Win32
		{6155C300-6C7B-4B6C-AAFE-C1607FBBF022}.Release|ARM.ActiveCfg = Release|Win32
		{6155C300-6C7B-4B6C-AAFE-C1607FBBF022}.Release|ARM64.ActiveCfg = Release|Win32
		{6155C300-6C7B-4B6C-AAFE-C1607FBBF022}.Release|x64.ActiveCfg = Release|x64
		{6155C300-6C7B-4B6C-AAFE-C1607FBBF022}.Release|x64.Build.0 = Release|x64
		{6155C300-6C7B-4B6C-AAFE-C1607FBBF022}.Release|x86.ActiveCfg = Release|Win32
		{6155C300-6C7B-4B6C-AAFE-C1607FBBF022}.Release|x86.Build.0 = Release|Win32
		{669940B9-3D52-4240-85B3-E9E5B2055AE5}.Debug|ARM.ActiveCfg = Debug|Win32
		{669940B9-3D52-4240-85B3-E9E5B2055AE5}.Debug|ARM64.ActiveCfg = Debug|Win32
		{669940B9-3D52-4240-85B3-E9E5B2055AE5}.Debug|x64.ActiveCfg = Debug|x64
		{669940B9-3D52-4240-85B3-E9E5B2055AE5}.Debug|x64.Build.0 = Debug|x64
		{669940B9-3D52-4240-85B3-E9E5B2055AE5}.Debug|x86.ActiveCfg = Debug|Win32
		{669940B9-3D52-4240-85B3-E9E5B2055AE5}.Debug|x86.Build.0 = Debug|Win32
		{669940B9-3D52-4240-85B3-E9E5B2055AE5}.Release|ARM.ActiveCfg = Release|Win32
		{669940B9-3D52-4240-85B3-E9E5B2055AE5}.Release|ARM64.ActiveCfg = Release|Win32
		{669940B9-3D52-4240-85B3-E9E5B2055AE5}.Release|x64.ActiveCfg = Release|x64
		{669940B9-3D52-4240-85B3-E9E5B2055AE5}.Release|x64.Build.0 = Release|x64
		{669940B9-3D52-4240-85B3-E9E5B2055AE5}.Release|x86.ActiveCfg = Release|Win32
		{669940B9-3D52-4240-85B3-E9E5B2055AE5}.Release|x86.Build.0 = Release|Win32
		{F3DE31E2-53C1-4D88-B4E9-BE5F5BA4B8EF}.Debug|ARM.ActiveCfg = Debug|Win32
		{F3DE31E2-53C1-4D88-B4E9-BE5F5BA4B8EF}.Debug|ARM64.ActiveCfg = Debug|Win32
		{F3DE31E2-53C1-4D88-B4E9-BE5F5BA4B8EF}.Debug|x64.ActiveCfg = Debug|x64
		{F3DE31E2-53C1-4D88-B4E9-BE5F5BA4B8EF}.Debug|x64.Build.0 = Debug|x64
		{F3DE31E2-53C1-4D88-B4E9-BE5F5BA4B8EF}.Debug|x86.ActiveCfg = Debug|Win32
		{F3DE31E2-53C1-4D88-B4E9-BE5F5BA4B8EF}.Debug|x86.Build.0 = Debug|Win32
		{F3DE31E2-53C1-4D88-B4E9-BE5F5BA4B8EF}.Release|ARM.ActiveCfg = Release|Win32
		{F3DE31E2-53C1-4D88-B4E9-BE5F5BA4B8EF}.Release|ARM64.ActiveCfg = Release|Win32
		{F3DE31E2-53C1-4D88-B4E9-BE5F5BA4B8EF}.Release|x64.ActiveCfg = Release|x64
		{F3DE31E2-53C1-4D88-B4E9-BE5F5BA4B8EF}.Release|x64.Build.0 = Release|x64
		{F3DE31E2-53C1-4D88-B4E9-BE5F5BA4B8EF}.Release|x86.ActiveCfg = Release|Win32
		{F3DE31E2-53C1-4D88-B4E9-BE5F5BA4B8EF}.Release|x86.Build.0 = Release|Win32
		{BCC8FB53-2AD9-48AD-AEBC-392EAD9F85F6}.Debug|ARM.ActiveCfg = Debug|Win32
		{BCC8FB53-2AD9-48AD-AEBC-392EAD9F85F6}.Debug|ARM64.ActiveCfg = Debug|Win32
		{BCC8FB53-2AD9-48AD-AEBC-392EAD9F85F6}.Debug|x64.ActiveCfg = Debug|x64
		{BCC8FB53-2AD9-48AD-AEBC-392EAD9F85F6}.Debug|x64.Build.0 = Debug|x64
		{BCC8FB53-2AD9-48AD-AEBC-392EAD9F85F6}.Debug|x86.ActiveCfg = Debug|Win32
		{BCC8FB53-2AD9-48AD-AEBC-392EAD9F85F6}.Debug|x86.Build.0 = Debug|Win32
		{BCC8FB53-2AD9-48AD-AEBC-392EAD9F85F6}.Release|ARM.ActiveCfg = Release|Win32
		{BCC8FB53-2AD9-48AD-AEBC-392EAD9F85F6}.Release|ARM64.ActiveCfg = Release|Win32
		{BCC8FB53-2AD9-48AD-AEBC-392EAD9F85F6}.Release|x64.ActiveCfg = Release|x64
		{BCC8FB53-2AD9-48AD-AEBC-392EAD9F85F6}.Release|x64.Build.0 = Release|x64
		{BCC8FB53-2AD9-48AD-AEBC-392EAD9F85F6}.Release|x86.ActiveCfg = Release|Win32
		{BCC8FB53-2AD9-48AD-AEBC-392EAD9F85F6}.Release|x86.Build.0 = Release|Win32
		{92C5D4E1-59A1-4725-9CEB-4A56C6BE402B}.Debug|ARM.ActiveCfg = Debug|Win32
		{92C5D4E1-59A1-4725-9CEB-4A56C6BE402B}.Debug|ARM64.ActiveCfg = Debug|Win32
		{92C5D4E1-59A1-4725-9CEB-4A56C6BE402B}.Debug|x64.ActiveCfg = Debug|x64
		{92C5D4E1-59A1-4725-9CEB-4A56C6BE402B}.Debug|x64.Build.0 = Debug|x64
		{92C5D4E1-59A1-4725-9CEB-4A56C6BE402B}.Debug|x86.ActiveCfg = Debug|Win32
		{92C5D4E1-59A1-4725-9CEB-4A56C6BE402B}.Debug|x86.Build.0 = Debug|Win32
		{92C5D4E1-59A1-4725-9CEB-4A56C6BE402B}.Release|ARM.ActiveCfg = Release|Win32
		{92C5D4E1-59A1-4725-9CEB-4A56C6BE402B}.Release|ARM64.ActiveCfg = Release|Win32
		{92C5D4E1-59A1-4725-9CEB-4A56C6BE402B}.Release|x64.ActiveCfg = Release|x64
		{92C5D4E1-59A1-4725-9CEB-4A56C6BE402B}.Release|x64.Build.0 = Release|x64
		{92C5D4E1-59A1-4725-9CEB-4A56C6BE402B}.Release|x86.ActiveCfg = Release|Win32
		{92C5D4E1-59A1-4725-9CEB-4A56C6BE402B}.Release|x86.Build.0 = Release|Win32
		{926ED389-6199-408B-8A5B-ADFE024FA6F8}.Debug|ARM.ActiveCfg = Debug|Win32
		{926ED389-6199-408B-8A5B-ADFE024FA6F8}.Debug|ARM64.ActiveCfg = Debug|Win32
		{926ED389-6199-408B-8A5B-ADFE024FA6F8}.Debug|x64.ActiveCfg = Debug|x64
		{926ED389-6199-408B-8A5B-ADFE024FA6F8}.Debug|x64.Build.0 = Debug|x64
		{926ED389-6199-408B-8A5B-ADFE024FA6F8}.Debug|x86.ActiveCfg = Debug|Win32
		{926ED389-6199-408B-8A5B-ADFE024FA6F8}.Debug|x86.Build.0 = Debug|Win32
		{926ED389-6199-408B-8A5B-ADFE024FA6F8}.Release|ARM.ActiveCfg = Release|Win32
		{926ED389-6199-408B-8A5B-ADFE024FA6F8}.Release|ARM64.ActiveCfg = Release|Win32
		{926ED389-6199-408B-8A5B-ADFE024FA6F8}.Release|x64.ActiveCfg = Release|x64
		{926ED389-6199-408B-8A5B-ADFE024FA6F8}.Release|x64.Build.0 = Release|x64
		{926ED389-6199-408B-8A5B-ADFE024FA6F8}.Release|x86.ActiveCfg = Release|Win32
		{926ED389-6199-408B-8A5B-ADFE024FA6F8}.Release|x86.Build.0 = Release|Win32
		{022CF16F-6793-4B78-A135-2F0289B93D73}.Debug|ARM.ActiveCfg = Debug|Win32
		{022CF16F-6793-4B78-A135-2F0289B93D73}.Debug|ARM64.ActiveCfg = Debug|Win32
		{022CF16F-6793-4B78-A135-2F0289B93D73}.Debug|x64.ActiveCfg = Debug|x64
		{022CF16F-6793-4B78-A135-2F0289B93D73}.Debug|x64.Build.0 = Debug|x64
		{022CF16F-6793-4B78-A135-2F0289B93D73}.Debug|x86.ActiveCfg = Debug|Win32
		{022CF16F-6793-4B78-A135-2F0289B93D73}.Debug|x86.Build.0 = Debug|Win32
		{022CF16F-6793-4B78-A135-2F0289B93D73}.Release|ARM.ActiveCfg = Release|Win32
		{022CF16F-6793-4B78-A135-2F0289B93D73}.Release|ARM64.ActiveCfg = Release|Win32
		{022CF16F-6793-4B78-A135-2F0289B93D73}.Release|x64.ActiveCfg = Release|x64
		{022CF16F-6793-4B78-A135-2F0289B93D73}.Release|x64.Build.0 = Release|x64
		{022CF16F-6793-4B78-A135-2F0289B93D73}.Release|x86.ActiveCfg = Release|Win32
		{022CF16F-6793-4B78-A135-2F0289B93D73}.Release|x86.Build.0 = Release|Win32
		{A3E2ED22-4153-4104-B33E-D2E25B807556}.Debug|ARM.ActiveCfg = Debug|Win32
		{A3E2ED22-4153-4104-B33E-D2E25B807556}.Debug|ARM64.ActiveCfg = Debug|Win32
		{A3E2ED22-4153-4104-B33E-D2E25B807556}.Debug|x64.ActiveCfg = Debug|x64
		{A3E2ED22-4153-4104-B33E-D2E25B807556}.Debug|x64.Build.0 = Debug|x64
		{A3E2ED22-4153-4104-B33E-D2E25B807556}.Debug|x86.ActiveCfg = Debug|Win32
		{A3E2ED22-4153-4104-B33E-D2E25B807556}.Debug|x86.Build.0 = Debug|Win32
		{A3E2ED22-4153-4104-B33E-D2E25B807556}.Release|ARM.ActiveCfg = Release|Win32
		{A3E2ED22-4153-4104-B33E-D2E25B807556}.Release|ARM64.ActiveCfg = Release|Win32
		{A3E2ED22-4153-4104-B33E-D2E25B807556}.Release|x64.ActiveCfg = Release|x64
		{A3E2ED22-4153-4104-B33E-D2E25B807556}.Release|x64.Build.0 = Release|x64
		{A3E2ED22-4153-4104-B33E-D2E25B807556}.Release|x86.ActiveCfg = Release|Win32
		{A3E2ED22-4153-4104-B33E-D2E25B807556}.Release|x86.Build.0 = Release|Win32
		{9E82549D-85C3-4306-BD53-A4B872E450A2}.Debug|ARM.ActiveCfg = Debug|Win32
		{9E82549D-85C3-4306-BD53-A4B872E450A2}.Debug|ARM64.ActiveCfg = Debug|Win32
		{9E82549D-85C3-4306-BD53-A4B872E450A2}.Debug|x64.ActiveCfg = Debug|x64
		{9E82549D-85C3-4306-BD53-A4B872E450A2}.Debug|x64.Build.0 = Debug|x64
		{9E82549D-85C3-4306-BD53-A4B872E450A2}.Debug|x86.ActiveCfg = Debug|Win32
		{9E82549D-85C3-4306-BD53-A4B872E450A2}.Debug|x86.Build.0 = Debug|Win32
		{9E82549D-85C3-4306-BD53-A4B872E450A2}.Release|ARM.ActiveCfg = Release|Win32
		{9E82549D-85C3-4306-BD53-A4B872E450A2}.Release|ARM64.ActiveCfg = Release|Win32
		{9E82549D-85C3-4306-BD53-A4B872E450A2}.Release|x64.ActiveCfg = Release|x64
		{9E82549D-85C3-4306-BD53-A4B872E450A2}.Release|x64.Build.0 = Release|x64
		{9E82549D-85C3-4306-BD53-A4B872E450A2}.Release|x86.ActiveCfg = Release|Win32
		{9E82549D-85C3-4306-BD53-A4B872E450A2}.Release|x86.Build.0 = Release|Win32
		{A62E91E5-83C9-4956-B48F-D6C732FE6F7D}.Debug|ARM.ActiveCfg = Debug|Win32
		{A62E91E5-83C9-4956-B48F-D6C732FE6F7D}.Debug|ARM64.ActiveCfg = Debug|Win32
		{A62E91E5-83C9-4956-B48F-D6C732FE6F7D}.Debug|x64.ActiveCfg = Debug|x64
		{A62E91E5-83C9-4956-B48F-D6C732FE6F7D}.Debug|x64.Build.0 = Debug|x64
		{A62E91E5-83C9-4956-B48F-D6C732FE6F7D}.Debug|x86.ActiveCfg = Debug|Win32
		{A62E91E5-83C9-4956-B48F-D6C732FE6F7D}.Debug|x86.Build.0 = Debug|Win32
		{A62E91E5-83C9-4956-B48F-D6C732FE6F7D}.Release|ARM.ActiveCfg = Release|Win32
		{A62E91E5-83C9-4956-B48F-D6C732FE6F7D}.Release|ARM64.ActiveCfg = Release|Win32
		{A62E91E5-83C9-4956-B48F-D6C732FE6F7D}.Release|x64.ActiveCfg = Release|x64
		{A62E91E5-83C9-4956-B48F-D6C732FE6F7D}.Release|x64.Build.0 = Release|x64
		{A62E91E5-83C9-4956-B48F-D6C732FE6F7D}.Release|x86.ActiveCfg = Release|Win32
		{A62E91E5-83C9-4956-B48F-D6C732FE6F7D}.Release|x86.Build.0 = Release|Win32
		{D47FBEEE-C071-4135-89DD-0D0BE5253F0D}.Debug|ARM.ActiveCfg = Debug|Win32
		{D47FBEEE-C071-4135-89DD-0D0BE5253F0D}.Debug|ARM64.ActiveCfg = Debug|Win32
		{D47FBEEE-C071-4135-89DD-0D0BE5253F0D}.Debug|x64.ActiveCfg = Debug|x64
		{D47FBEEE-C071-4135-89DD-0D0BE5253F0D}.Debug|x64.Build.0 = Debug|x64
		{D47FBEEE-C071-4135-89DD-0D0BE5253F0D}.Debug|x86.ActiveCfg = Debug|Win32
		{D47FBEEE-C071-4135-89DD-0D0BE5253F0D}.Debug|x86.Build.0 = Debug|Win32
		{D47FBEEE-C071-4135-89DD-0D0BE5253F0D}.Release|ARM.ActiveCfg = Release|Win32
		{D47FBEEE-C071-4135-89DD-0D0BE5253F0D}.Release|ARM64.ActiveCfg = Release|Win32
		{D47FBEEE-C071-4135-89DD-0D0BE5253F0D}.Release|x64.ActiveCfg = Release|x64
		{D47FBEEE-C071-4135-89DD-0D0BE5253F0D}.Release|x64.Build.0 = Release|x64
		{D47FBEEE-C071-4135-89DD-0D0BE5253F0D}.Release|x86.ActiveCfg = Release|Win32
		{D47FBEEE-C071-4135-89DD-0D0BE5253F0D}.Release|x86.Build.0 = Release|Win32
		{0F262E00-3BD6-413C-A793-A4E4865BAADC}.Debug|ARM.ActiveCfg = Debug|Win32
		{0F262E00-3BD6-413C-A793-A4E4865BAADC}.Debug|ARM64.ActiveCfg = Debug|Win32
		{0F262E00-3BD6-413C-A793-A4E4865BAADC}.Debug|x64.ActiveCfg = Debug|x64
		{0F262E00-3BD6-413C-A793-A4E4865BAADC}.Debug|x64.Build.0 = Debug|x64
		{0F262E00-3BD6-413C-A793-A4E4865BAADC}.Debug|x86.ActiveCfg = Debug|Win32
		{0F262E00-3BD6-413C-A793-A4E4865BAADC}.Debug|x86.Build.0 = Debug|Win32
		{0F262E00-3BD6-413C-A793-A4E4865BAADC}.Release|ARM.ActiveCfg = Release|Win32
		{0F262E00-3BD6-413C-A793-A4E4865BAADC}.Release|ARM64.ActiveCfg = Release|Win32
		{0F262E00-3BD6-413C-A793-A4E4865BAADC}.Release|x64.ActiveCfg = Release|x64
		{0F262E00-3BD6-413C-A793-A4E4865BAADC}.Release|x64.Build.0 = Release|x64
		{0F262E00-3BD6-413C-A793-A4E4865BAADC}.Release|x86.ActiveCfg = Release|Win32
		{0F262E00-3BD6-413C-A793-A4E4865BAADC}.Release|x86.Build.0 = Release|Win32
		{CC00C805-3D39-4CAC-AD1C-757520B137BA}.Debug|ARM.ActiveCfg = Debug|Win32
		{CC00C805-3D39-4CAC-AD1C-757520B137BA}.Debug|ARM64.ActiveCfg = Debug|Win32
		{CC00C805-3D39-4CAC-AD1C-757520B137BA}.Debug|x64.ActiveCfg = Debug|x64
		{CC00C805-3D39-4CAC-AD1C-757520B137BA}.Debug|x64.Build.0 = Debug|x64
		{CC00C805-3D39-4CAC-AD1C-757520B137BA}.Debug|x86.ActiveCfg = Debug|Win32
		{CC00C805-3D39-4CAC-AD1C-757520B137BA}.Debug|x86.Build.0 = Debug|Win32
		{CC00C805-3D39-4CAC-AD1C-757520B137BA}.Release|ARM.ActiveCfg = Release|Win32
		{CC00C805-3D39-4CAC-AD1C-757520B137BA}.Release|ARM64.ActiveCfg = Release|Win32
		{CC00C805-3D39-4CAC-AD1C-757520B137BA}.Release|x64.ActiveCfg = Release|x64
		{CC00C805-3D39-4CAC-AD1C-757520B137BA}.Release|x64.Build.0 = Release|x64
		{CC00C805-3D39-4CAC-AD1C-757520B137BA}.Release|x86.ActiveCfg = Release|Win32
		{CC00C805-3D39-4CAC-AD1C-757520B137BA}.Release|x86.Build.0 = Release|Win32
		{B01431A6-4EF5-4494-BB4A-1C9F2525CA17}.Debug|ARM.ActiveCfg = Debug|Win32
		{B01431A6-4EF5-4494-BB4A-1C9F2525CA17}.Debug|ARM64.ActiveCfg = Debug|Win32
		{B01431A6-4EF5-4494-BB4A-1C9F2525CA17}.Debug|x64.ActiveCfg = Debug|x64
		{B01431A6-4EF5-4494-BB4A-1C9F2525CA17}.Debug|x64.Build.0 = Debug|x64
		{B01431A6-4EF5-4494-BB4A-1C9F2525CA17}.Debug|x86.ActiveCfg = Debug|Win32
		{B01431A6-4EF5-4494-BB4A-1C9F2525CA17}.Debug|x86.Build.0 = Debug|Win32
		{B01431A6-4EF5-4494-BB4A-1C9F2525CA17}.Release|ARM.ActiveCfg = Release|Win32
		{B01431A6-4EF5-4494-BB4A-1C9F2525CA17}.Release|ARM64.ActiveCfg = Release|Win32
		{B01431A6-4EF5-4494-BB4A-1C9F2525CA17}.Release|x64.ActiveCfg = Release|x64
		{B01431A6-4EF5-4494-BB4A-1C9F2525CA17}.Release|x64.Build.0 = Release|x64
		{B01431A6-4EF5-4494-BB4A-1C9F2525CA17}.Release|x86.ActiveCfg = Release|Win32
		{B01431A6-4EF5-4494-BB4A-1C9F2525CA17}.Release|x86.Build.0 = Release|Win32
		{CBD56179-0B77-4EC1-BCC0-BD0C1C20322F}.Debug|ARM.ActiveCfg = Debug|Win32
		{CBD56179-0B77-4EC1-BCC0-BD0C1C20322F}.Debug|ARM64.ActiveCfg = Debug|Win32
		{CBD56179-0B77-4EC1-BCC0-BD0C1C20322F}.Debug|x64.ActiveCfg = Debug|x64
		{CBD56179-0B77-4EC1-BCC0-BD0C1C20322F}.Debug|x64.Build.0 = Debug|x64
		{CBD56179-0B77-4EC1-BCC0-BD0C1C20322F}.Debug|x86.ActiveCfg = Debug|Win32
		{CBD56179-0B77-4EC1-BCC0-BD0C1C20322F}.Debug|x86.Build.0 = Debug|Win32
		{CBD56179-0B77-4EC1-BCC0-BD0C1C20322F}.Release|ARM.ActiveCfg = Release|Win32
		{CBD56179-0B77-4EC1-BCC0-BD0C1C20322F}.Release|ARM64.ActiveCfg = Release|Win32
		{CBD56179-0B77-4EC1-BCC0-BD0C1C20322F}.Release|x64.ActiveCfg = Release|x64
		{CBD56179-0B77-4EC1-BCC0-BD0C1C20322F}.Release|x64.Build.0 = Release|x64
		{CBD56179-0B77-4EC1-BCC0-BD0C1C20322F}.Release|x86.ActiveCfg = Release|Win32
		{CBD56179-0B77-4EC1-BCC0-BD0C1C20322F}.Release|x86.Build.0 = Release|Win32
		{209A8E78-67DB-4F19-9EAC-B8170A0B4C5C}.Debug|ARM.ActiveCfg = Debug|Win32
		{209A8E78-67DB-4F19-9EAC-B8170A0B4C5C}.Debug|ARM64.ActiveCfg = Debug|Win32
		{209A8E78-67DB-4F19-9EAC-B8170A0B4C5C}.Debug|x64.ActiveCfg = Debug|x64
		{209A8E78-67DB-4F19-9EAC-B8170A0B4C5C}.Debug|x64.Build.0 = Debug|x64
		{209A8E78-67DB-4F19-9EAC-B8170A0B4C5C}.Debug|x86.ActiveCfg = Debug|Win32
		{209A8E78-67DB-4F19-9EAC-B8170A0B4C5C}.Debug|x86.Build.0 = Debug|Win32
		{209A8E78-67DB-4F19-9EAC-B8170A0B4C5C}.Release|ARM.ActiveCfg = Release|Win32
		{209A8E78-67DB-4F19-9EAC-B8170A0B4C5C}.Release|ARM64.ActiveCfg = Release|Win32
		{209A8E78-67DB-4F19-9EAC-B8170A0B4C5C}.Release|x64.ActiveCfg = Release|x64
		{209A8E78-67DB-4F19-9EAC-B8170A0B4C5C}.Release|x64.Build.0 = Release|x64
		{209A8E78-67DB-4F19-9EAC-B8170A0B4C5C}.Release|x86.ActiveCfg = Release|Win32
		{209A8E78-67DB-4F19-9EAC-B8170A0B4C5C}.Release|x86.Build.0 = Release|Win32
		{BA123F62-D935-4FD6-B4EF-620E06E5FB9E}.Debug|ARM.ActiveCfg = Debug|Win32
		{BA123F62-D935-4FD6-B4EF-620E06E5FB9E}.Debug|ARM64.ActiveCfg = Debug|Win32
		{BA123F62-D935-4FD6-B4EF-620E06E5FB9E}.Debug|x64.ActiveCfg = Debug|x64
		{BA123F62-D935-4FD6-B4EF-620E06E5FB9E}.Debug|x64.Build.0 = Debug|x64
		{BA123F62-D935-4FD6-B4EF-620E06E5FB9E}.Debug|x86.ActiveCfg = Debug|Win32
		{BA123F62-D935-4FD6-B4EF-620E06E5FB9E}.Debug|x86.Build.0 = Debug|Win32
		{BA123F62-D935-4FD6-B4EF-620E06E5FB9E}.Release|ARM.ActiveCfg = Release|Win32
		{BA123F62-D935-4FD6-B4EF-620E06E5FB9E}.Release|ARM64.ActiveCfg = Release|Win32
		{BA123F62-D935-4FD6-B4EF-620E06E5FB9E}.Release|x64.ActiveCfg = Release|x64
		{BA123F62-D935-4FD6-B4EF-620E06E5FB9E}.Release|x64.Build.0 = Release|x64
		{BA123F62-D935-4FD6-B4EF-620E06E5FB9E}.Release|x86.ActiveCfg = Release|Win32
		{BA123F62-D935-4FD6-B4EF-620E06E5FB9E}.Release|x86.Build.0 = Release|Win32
		{08C054D4-5400-4F77-B9AC-33188A95A8D5}.Debug|ARM.ActiveCfg = Debug|Win32
		{08C054D4-5400-4F77-B9AC-33188A95A8D5}.Debug|ARM64.ActiveCfg = Debug|Win32
		{08C054D4-5400-4F77-B9AC-33188A95A8D5}.Debug|x64.ActiveCfg = Debug|x64
		{08C054D4-5400-4F77-B9AC-33188A95A8D5}.Debug|x64.Build.0 = Debug|x64
		{08C054D4-5400-4F77-B9AC-33188A95A8D5}.Debug|x86.ActiveCfg = Debug|Win32
		{08C054D4-5400-4F77-B9AC-33188A95A8D5}.Debug|x86.Build.0 = Debug|Win32
		{08C054D4-5400-4F77-B9AC-33188A95A8D5}.Release|ARM.ActiveCfg = Release|Win32
		{08C054D4-5400-4F77-B9AC-33188A95A8D5}.Release|ARM64.ActiveCfg = Release|Win32
		{08C054D4-5400-4F77-B9AC-33188A95A8D5}.Release|x64.ActiveCfg = Release|x64
		{08C054D4-5400-4F77-B9AC-33188A95A8D5}.Release|x64.Build.0 = Release|x64
		{08C054D4-5400-4F77-B9AC-33188A95A8D5}.Release|x86.ActiveCfg = Release|Win32
		{08C054D4-5400-4F77-B9AC-33188A95A8D5}.Release|x86.Build.0 = Release|Win32
		{2CC66D8E-4272-4478-9940-D511EE865137}.Debug|ARM.ActiveCfg = Debug|Win32
		{2CC66D8E-4272-4478-9940-D511EE865137}.Debug|ARM64.ActiveCfg = Debug|Win32
		{2CC66D8E-4272-4478-9940-D511EE865137}.Debug|x64.ActiveCfg = Debug|x64
		{2CC66D8E-4272-4478-9940-D511EE865137}.Debug|x64.Build.0 = Debug|x64
		{2CC66D8E-4272-4478-9940-D511EE865137}.Debug|x86.ActiveCfg = Debug|Win32
		{2CC66D8E-4272-4478-9940-D511EE865137}.Debug|x86.Build.0 = Debug|Win32
		{2CC66D8E-4272-4478-9940-D511EE865137}.Release|ARM.ActiveCfg = Release|Win32
		{2CC66D8E-4272-4478-9940-D511EE865137}.Release|ARM64.ActiveCfg = Release|Win32
		{2CC66D8E-4272-4478-9940-D511EE865137}.Release|x64.ActiveCfg = Release|x64
		{2CC66D8E-4272-4478-9940-D511EE865137}.Release|x64.Build.0 = Release|x64
		{2CC66D8E-4272-4478-9940-D511EE865137}.Release|x86.ActiveCfg = Release|Win32
		{2CC66D8E-4272-4478-9940-D511EE865137}.Release|x86.Build.0 = Release|Win32
		{F3F636DA-1624-4A55-B5EF-AAE3B6D0F9FC}.Debug|ARM.ActiveCfg = Debug|Win32
		{F3F636DA-1624-4A55-B5EF-AAE3B6D0F9FC}.Debug|ARM64.ActiveCfg = Debug|Win32
		{F3F636DA-1624-4A55-B5EF-AAE3B6D0F9FC}.Debug|x64.ActiveCfg = Debug|x64
		{F3F636DA-1624-4A55-B5EF-AAE3B6D0F9FC}.Debug|x64.Build.0 = Debug|x64
		{F3F636DA-1624-4A55-B5EF-AAE3B6D0F9FC}.Debug|x86.ActiveCfg = Debug|Win32
		{F3F636DA-1624-4A55-B5EF-AAE3B6D0F9FC}.Debug|x86.Build.0 = Debug|Win32
		{F3F636DA-1624-4A55-B5EF-AAE3B6D0F9FC}.Release|ARM.ActiveCfg = Release|Win32
		{F3F636DA-1624-4A55-B5EF-AAE3B6D0F9FC}.Release|ARM64.ActiveCfg = Release|Win32
		{F3F636DA-1624-4A55-B5EF-AAE3B6D0F9FC}.Release|x64.ActiveCfg = Release|x64
		{F3F636DA-1624-4A55-B5EF-AAE3B6D0F9FC}.Release|x64.Build.0 = Release|x64
		{F3F636DA-1624-4A55-B5EF-AAE3B6D0F9FC}.Release|x86.ActiveCfg = Release|Win32
		{F3F636DA-1624-4A55-B5EF-AAE3B6D0F9FC}.Release|x86.Build.0 = Release|Win32
		{4673CB14-0FAD-4B9C-8F1F-D4573EA69F2E}.Debug|ARM.ActiveCfg = Debug|Win32
		{4673CB14-0FAD-4B9C-8F1F-D4573EA69F2E}.Debug|ARM64.ActiveCfg = Debug|Win32
		{4673CB14-0FAD-4B9C-8F1F-D4573EA69F2E}.Debug|x64.ActiveCfg = Debug|x64
		{4673CB14-0FAD-4B9C-8F1F-D4573EA69F2E}.Debug|x64.Build.0 = Debug|x64
		{4673CB14-0FAD-4B9C-8F1F-D4573EA69F2E}.Debug|x86.ActiveCfg = Debug|Win32
		{4673CB14-0FAD-4B9C-8F1F-D4573EA69F2E}.Debug|x86.Build.0 = Debug|Win32
		{4673CB14-0FAD-4B9C-8F1F-D4573EA69F2E}.Release|ARM.ActiveCfg = Release|Win32
		{4673CB14-0FAD-4B9C-8F1F-D4573EA69F2E}.Release|ARM64.ActiveCfg = Release|Win32
		{4673CB14-0FAD-4B9C-8F1F-D4573EA69F2E}.Release|x64.ActiveCfg = Release|x64
		{4673CB14-0FAD-4B9C-8F1F-D4573EA69F2E}.Release|x64.Build.0 = Release|x64
		{4673CB14-0FAD-4B9C-8F1F-D4573EA69F2E}.Release|x86.ActiveCfg = Release|Win32
		{4673CB14-0FAD-4B9C-8F1F-D4573EA69F2E}.Release|x86.Build.0 = Release|Win32
	EndGlobalSection
	GlobalSection(SolutionProperties) = preSolution
		HideSolutionNode = FALSE
	EndGlobalSection
	GlobalSection(ExtensibilityGlobals) = postSolution
		SolutionGuid = {83B1991E-8856-4B16-865C-7D793DB35EA7}
	EndGlobalSection
EndGlobal
